
Microsoft Visual Studio Solution File, Format Version 12.00
# Visual Studio 14
VisualStudioVersion = 14.0.23107.0
MinimumVisualStudioVersion = 10.0.40219.1
Project("{FAE04EC0-301F-11D3-BF4B-00C04F79EFBC}") = "RestClient", "RestClient\RestClient.csproj", "{39438EDF-A74A-40EC-B0DB-A7F58545C338}"
EndProject
Project("{FAE04EC0-301F-11D3-BF4B-00C04F79EFBC}") = "Clairvoyant", "Clairvoyant\Clairvoyant.csproj", "{387D25DA-CFF2-45AA-B753-B2D69905897B}"
EndProject
Global
	GlobalSection(SolutionConfigurationPlatforms) = preSolution
		Debug|Any CPU = Debug|Any CPU
		Release|Any CPU = Release|Any CPU
	EndGlobalSection
	GlobalSection(ProjectConfigurationPlatforms) = postSolution
		{39438EDF-A74A-40EC-B0DB-A7F58545C338}.Debug|Any CPU.ActiveCfg = Debug|Any CPU
		{39438EDF-A74A-40EC-B0DB-A7F58545C338}.Debug|Any CPU.Build.0 = Debug|Any CPU
		{39438EDF-A74A-40EC-B0DB-A7F58545C338}.Release|Any CPU.ActiveCfg = Release|Any CPU
		{39438EDF-A74A-40EC-B0DB-A7F58545C338}.Release|Any CPU.Build.0 = Release|Any CPU
		{387D25DA-CFF2-45AA-B753-B2D69905897B}.Debug|Any CPU.ActiveCfg = Debug|Any CPU
		{387D25DA-CFF2-45AA-B753-B2D69905897B}.Debug|Any CPU.Build.0 = Debug|Any CPU
		{387D25DA-CFF2-45AA-B753-B2D69905897B}.Release|Any CPU.ActiveCfg = Release|Any CPU
		{387D25DA-CFF2-45AA-B753-B2D69905897B}.Release|Any CPU.Build.0 = Release|Any CPU
	EndGlobalSection
	GlobalSection(SolutionProperties) = preSolution
		HideSolutionNode = FALSE
	EndGlobalSection
EndGlobal
